
Microsoft Visual Studio Solution File, Format Version 12.00
# Visual Studio Version 16
VisualStudioVersion = 16.0.31410.357
MinimumVisualStudioVersion = 10.0.40219.1
Project("{FAE04EC0-301F-11D3-BF4B-00C04F79EFBC}") = "BOOT0 checker", "payloadchecker\BOOT0 checker.csproj", "{AD98026B-42CE-42A1-9D19-A90E6B249158}"
EndProject
Global
	GlobalSection(SolutionConfigurationPlatforms) = preSolution
		Debug|Any CPU = Debug|Any CPU
		Release|Any CPU = Release|Any CPU
	EndGlobalSection
	GlobalSection(ProjectConfigurationPlatforms) = postSolution
		{AD98026B-42CE-42A1-9D19-A90E6B249158}.Debug|Any CPU.ActiveCfg = Debug|Any CPU
		{AD98026B-42CE-42A1-9D19-A90E6B249158}.Debug|Any CPU.Build.0 = Debug|Any CPU
		{AD98026B-42CE-42A1-9D19-A90E6B249158}.Release|Any CPU.ActiveCfg = Release|Any CPU
		{AD98026B-42CE-42A1-9D19-A90E6B249158}.Release|Any CPU.Build.0 = Release|Any CPU
	EndGlobalSection
	GlobalSection(SolutionProperties) = preSolution
		HideSolutionNode = FALSE
	EndGlobalSection
	GlobalSection(ExtensibilityGlobals) = postSolution
		SolutionGuid = {76F18816-9F05-42EC-B698-E5810734FE2D}
	EndGlobalSection
EndGlobal
